
Microsoft Visual Studio Solution File, Format Version 12.00
# Visual Studio Version 17
VisualStudioVersion = 17.11.35222.181
MinimumVisualStudioVersion = 10.0.40219.1
Project("{FAE04EC0-301F-11D3-BF4B-00C04F79EFBC}") = "Excercise1", "Excercise1.csproj", "{60650696-0A00-4DC2-A4E8-DF17313C8EF5}"
EndProject
Global
	GlobalSection(SolutionConfigurationPlatforms) = preSolution
		Debug|Any CPU = Debug|Any CPU
		Release|Any CPU = Release|Any CPU
	EndGlobalSection
	GlobalSection(ProjectConfigurationPlatforms) = postSolution
		{60650696-0A00-4DC2-A4E8-DF17313C8EF5}.Debug|Any CPU.ActiveCfg = Debug|Any CPU
		{60650696-0A00-4DC2-A4E8-DF17313C8EF5}.Debug|Any CPU.Build.0 = Debug|Any CPU
		{60650696-0A00-4DC2-A4E8-DF17313C8EF5}.Release|Any CPU.ActiveCfg = Release|Any CPU
		{60650696-0A00-4DC2-A4E8-DF17313C8EF5}.Release|Any CPU.Build.0 = Release|Any CPU
	EndGlobalSection
	GlobalSection(SolutionProperties) = preSolution
		HideSolutionNode = FALSE
	EndGlobalSection
	GlobalSection(ExtensibilityGlobals) = postSolution
		SolutionGuid = {635C24B0-4A4D-429D-B356-FB481A9FDDDE}
	EndGlobalSection
EndGlobal
